
Microsoft Visual Studio Solution File, Format Version 12.00
# Visual Studio Version 17
VisualStudioVersion = 17.12.35527.113 d17.12
MinimumVisualStudioVersion = 10.0.40219.1
Project("{FAE04EC0-301F-11D3-BF4B-00C04F79EFBC}") = "E-Commerce.Web", "E-Commerce.Web\E-Commerce.Web.csproj", "{DBFB26C5-DAAC-4882-975E-4E23497E5660}"
EndProject
Project("{2150E333-8FDC-42A3-9474-1A3956D46DE8}") = "Core", "Core", "{7BD40AEC-A5D1-437A-AD15-1D060077716A}"
EndProject
Project("{FAE04EC0-301F-11D3-BF4B-00C04F79EFBC}") = "Domain", "Core\Domain\Domain.csproj", "{BCEDDCF8-6009-4833-BDA3-41FA57CE3389}"
EndProject
Project("{FAE04EC0-301F-11D3-BF4B-00C04F79EFBC}") = "Services", "Core\Services\Services.csproj", "{20BE934D-A6EF-44F0-BCB9-1485570078AE}"
EndProject
Project("{FAE04EC0-301F-11D3-BF4B-00C04F79EFBC}") = "ServicesAbstraction", "Core\ServicesAbstraction\ServicesAbstraction.csproj", "{36C131BF-A81B-4F61-BA34-745AB0CDA912}"
EndProject
Project("{2150E333-8FDC-42A3-9474-1A3956D46DE8}") = "Infrastructure", "Infrastructure", "{F7AF3970-F2A5-4B8D-A3F9-B331AAADC953}"
EndProject
Project("{FAE04EC0-301F-11D3-BF4B-00C04F79EFBC}") = "Persistence", "Infrastructure\Persistence\Persistence.csproj", "{0B921092-C8C5-4698-AF37-110490586E39}"
EndProject
Project("{FAE04EC0-301F-11D3-BF4B-00C04F79EFBC}") = "Presentation", "Infrastructure\Presentation\Presentation.csproj", "{CD7E09D6-A68C-4E6C-AE3C-F0D5AFFF1231}"
EndProject
Project("{FAE04EC0-301F-11D3-BF4B-00C04F79EFBC}") = "Shared", "Shared\Shared.csproj", "{6619DBC3-03EA-4D3D-8288-98680934D947}"
EndProject
Global
	GlobalSection(SolutionConfigurationPlatforms) = preSolution
		Debug|Any CPU = Debug|Any CPU
		Release|Any CPU = Release|Any CPU
	EndGlobalSection
	GlobalSection(ProjectConfigurationPlatforms) = postSolution
		{DBFB26C5-DAAC-4882-975E-4E23497E5660}.Debug|Any CPU.ActiveCfg = Debug|Any CPU
		{DBFB26C5-DAAC-4882-975E-4E23497E5660}.Debug|Any CPU.Build.0 = Debug|Any CPU
		{DBFB26C5-DAAC-4882-975E-4E23497E5660}.Release|Any CPU.ActiveCfg = Release|Any CPU
		{DBFB26C5-DAAC-4882-975E-4E23497E5660}.Release|Any CPU.Build.0 = Release|Any CPU
		{BCEDDCF8-6009-4833-BDA3-41FA57CE3389}.Debug|Any CPU.ActiveCfg = Debug|Any CPU
		{BCEDDCF8-6009-4833-BDA3-41FA57CE3389}.Debug|Any CPU.Build.0 = Debug|Any CPU
		{BCEDDCF8-6009-4833-BDA3-41FA57CE3389}.Release|Any CPU.ActiveCfg = Release|Any CPU
		{BCEDDCF8-6009-4833-BDA3-41FA57CE3389}.Release|Any CPU.Build.0 = Release|Any CPU
		{20BE934D-A6EF-44F0-BCB9-1485570078AE}.Debug|Any CPU.ActiveCfg = Debug|Any CPU
		{20BE934D-A6EF-44F0-BCB9-1485570078AE}.Debug|Any CPU.Build.0 = Debug|Any CPU
		{20BE934D-A6EF-44F0-BCB9-1485570078AE}.Release|Any CPU.ActiveCfg = Release|Any CPU
		{20BE934D-A6EF-44F0-BCB9-1485570078AE}.Release|Any CPU.Build.0 = Release|Any CPU
		{36C131BF-A81B-4F61-BA34-745AB0CDA912}.Debug|Any CPU.ActiveCfg = Debug|Any CPU
		{36C131BF-A81B-4F61-BA34-745AB0CDA912}.Debug|Any CPU.Build.0 = Debug|Any CPU
		{36C131BF-A81B-4F61-BA34-745AB0CDA912}.Release|Any CPU.ActiveCfg = Release|Any CPU
		{36C131BF-A81B-4F61-BA34-745AB0CDA912}.Release|Any CPU.Build.0 = Release|Any CPU
		{0B921092-C8C5-4698-AF37-110490586E39}.Debug|Any CPU.ActiveCfg = Debug|Any CPU
		{0B921092-C8C5-4698-AF37-110490586E39}.Debug|Any CPU.Build.0 = Debug|Any CPU
		{0B921092-C8C5-4698-AF37-110490586E39}.Release|Any CPU.ActiveCfg = Release|Any CPU
		{0B921092-C8C5-4698-AF37-110490586E39}.Release|Any CPU.Build.0 = Release|Any CPU
		{CD7E09D6-A68C-4E6C-AE3C-F0D5AFFF1231}.Debug|Any CPU.ActiveCfg = Debug|Any CPU
		{CD7E09D6-A68C-4E6C-AE3C-F0D5AFFF1231}.Debug|Any CPU.Build.0 = Debug|Any CPU
		{CD7E09D6-A68C-4E6C-AE3C-F0D5AFFF1231}.Release|Any CPU.ActiveCfg = Release|Any CPU
		{CD7E09D6-A68C-4E6C-AE3C-F0D5AFFF1231}.Release|Any CPU.Build.0 = Release|Any CPU
		{6619DBC3-03EA-4D3D-8288-98680934D947}.Debug|Any CPU.ActiveCfg = Debug|Any CPU
		{6619DBC3-03EA-4D3D-8288-98680934D947}.Debug|Any CPU.Build.0 = Debug|Any CPU
		{6619DBC3-03EA-4D3D-8288-98680934D947}.Release|Any CPU.ActiveCfg = Release|Any CPU
		{6619DBC3-03EA-4D3D-8288-98680934D947}.Release|Any CPU.Build.0 = Release|Any CPU
	EndGlobalSection
	GlobalSection(SolutionProperties) = preSolution
		HideSolutionNode = FALSE
	EndGlobalSection
	GlobalSection(NestedProjects) = preSolution
		{BCEDDCF8-6009-4833-BDA3-41FA57CE3389} = {7BD40AEC-A5D1-437A-AD15-1D060077716A}
		{20BE934D-A6EF-44F0-BCB9-1485570078AE} = {7BD40AEC-A5D1-437A-AD15-1D060077716A}
		{36C131BF-A81B-4F61-BA34-745AB0CDA912} = {7BD40AEC-A5D1-437A-AD15-1D060077716A}
		{0B921092-C8C5-4698-AF37-110490586E39} = {F7AF3970-F2A5-4B8D-A3F9-B331AAADC953}
		{CD7E09D6-A68C-4E6C-AE3C-F0D5AFFF1231} = {F7AF3970-F2A5-4B8D-A3F9-B331AAADC953}
	EndGlobalSection
EndGlobal
